
Microsoft Visual Studio Solution File, Format Version 12.00
# Visual Studio 15
VisualStudioVersion = 15.0.27130.2027
MinimumVisualStudioVersion = 10.0.40219.1
Project("{FAE04EC0-301F-11D3-BF4B-00C04F79EFBC}") = "SecurityDemo", "SecurityDemo\SecurityDemo.csproj", "{2B18B6FD-95F4-49C6-AB7C-8C821607A005}"
EndProject
Global
	GlobalSection(SolutionConfigurationPlatforms) = preSolution
		Debug|Any CPU = Debug|Any CPU
		Release|Any CPU = Release|Any CPU
	EndGlobalSection
	GlobalSection(ProjectConfigurationPlatforms) = postSolution
		{2B18B6FD-95F4-49C6-AB7C-8C821607A005}.Debug|Any CPU.ActiveCfg = Debug|Any CPU
		{2B18B6FD-95F4-49C6-AB7C-8C821607A005}.Debug|Any CPU.Build.0 = Debug|Any CPU
		{2B18B6FD-95F4-49C6-AB7C-8C821607A005}.Release|Any CPU.ActiveCfg = Release|Any CPU
		{2B18B6FD-95F4-49C6-AB7C-8C821607A005}.Release|Any CPU.Build.0 = Release|Any CPU
	EndGlobalSection
	GlobalSection(SolutionProperties) = preSolution
		HideSolutionNode = FALSE
	EndGlobalSection
	GlobalSection(ExtensibilityGlobals) = postSolution
		SolutionGuid = {2844B9B1-A531-448D-9858-5A260F5A2F16}
	EndGlobalSection
EndGlobal
